
Microsoft Visual Studio Solution File, Format Version 12.00
# Visual Studio 15
VisualStudioVersion = 15.0.27130.2027
MinimumVisualStudioVersion = 10.0.40219.1
Project("{FAE04EC0-301F-11D3-BF4B-00C04F79EFBC}") = "Sintactico", "InterfazGrafica\Sintactico.csproj", "{D060A101-DAA9-418A-BDD1-C9DAEAE555C9}"
EndProject
Global
	GlobalSection(SolutionConfigurationPlatforms) = preSolution
		Debug|Any CPU = Debug|Any CPU
		Release|Any CPU = Release|Any CPU
	EndGlobalSection
	GlobalSection(ProjectConfigurationPlatforms) = postSolution
		{D060A101-DAA9-418A-BDD1-C9DAEAE555C9}.Debug|Any CPU.ActiveCfg = Debug|Any CPU
		{D060A101-DAA9-418A-BDD1-C9DAEAE555C9}.Debug|Any CPU.Build.0 = Debug|Any CPU
		{D060A101-DAA9-418A-BDD1-C9DAEAE555C9}.Release|Any CPU.ActiveCfg = Release|Any CPU
		{D060A101-DAA9-418A-BDD1-C9DAEAE555C9}.Release|Any CPU.Build.0 = Release|Any CPU
	EndGlobalSection
	GlobalSection(SolutionProperties) = preSolution
		HideSolutionNode = FALSE
	EndGlobalSection
	GlobalSection(ExtensibilityGlobals) = postSolution
		SolutionGuid = {8213B3EC-337E-4D7B-91FA-BEF942992109}
	EndGlobalSection
EndGlobal
