
Microsoft Visual Studio Solution File, Format Version 12.00
# Visual Studio Version 16
VisualStudioVersion = 16.0.29020.237
MinimumVisualStudioVersion = 10.0.40219.1
Project("{8BC9CEB8-8B4A-11D0-8D11-00A0C91BC942}") = "Ejercicio1_0", "Semana1\Semana1.vcxproj", "{8108EBEF-CBA8-4DDB-9E3A-52875C278354}"
EndProject
Project("{8BC9CEB8-8B4A-11D0-8D11-00A0C91BC942}") = "Ejercicio1_1", "Ejercicio1\Ejercicio1.vcxproj", "{C91E14D3-1525-4C18-B659-12A7BEAECFB7}"
EndProject
Project("{8BC9CEB8-8B4A-11D0-8D11-00A0C91BC942}") = "Ejercicio1_2", "Ejercicio2\Ejercicio2.vcxproj", "{3CDDBB4D-0FFC-4D62-BBC4-7B8F59A54FA5}"
EndProject
Project("{8BC9CEB8-8B4A-11D0-8D11-00A0C91BC942}") = "Ejercicio1_3", "Ejercicio3\Ejercicio3.vcxproj", "{48F086BB-7504-47AE-993F-BB3BB2147026}"
EndProject
Project("{8BC9CEB8-8B4A-11D0-8D11-00A0C91BC942}") = "Ejercicio1_4", "Ejercicio4\Ejercicio4.vcxproj", "{BCB0DD87-7723-4907-82FF-24317CDCF6D8}"
EndProject
Project("{8BC9CEB8-8B4A-11D0-8D11-00A0C91BC942}") = "Actividad1", "Actividad1\Actividad1.vcxproj", "{1E65CEDD-EB21-4B1F-82E7-0CDFCF5F1C5F}"
EndProject
Project("{8BC9CEB8-8B4A-11D0-8D11-00A0C91BC942}") = "Actividad2", "Actividad2\Actividad2.vcxproj", "{90DC1118-8AEE-4BF4-8007-8EAA94E95E51}"
EndProject
Project("{8BC9CEB8-8B4A-11D0-8D11-00A0C91BC942}") = "Actividad3", "Actividad3\Actividad3.vcxproj", "{A78CAB5F-F841-439E-A3D1-F1FA0E1F5B42}"
EndProject
Project("{8BC9CEB8-8B4A-11D0-8D11-00A0C91BC942}") = "Actividad4", "Actividad4\Actividad4.vcxproj", "{440FE015-489F-4106-A1C8-AA97FC2F0200}"
EndProject
Project("{8BC9CEB8-8B4A-11D0-8D11-00A0C91BC942}") = "Actividad5", "Actividad5\Actividad5.vcxproj", "{B90C0384-55D8-46FB-BF89-07C8A0B71928}"
EndProject
Project("{8BC9CEB8-8B4A-11D0-8D11-00A0C91BC942}") = "Actividad6", "Actividad6\Actividad6.vcxproj", "{FFB5B8F9-E2D2-48B2-B8CB-F3622347D77C}"
EndProject
Project("{8BC9CEB8-8B4A-11D0-8D11-00A0C91BC942}") = "Actividad7", "Actividad7\Actividad7.vcxproj", "{BF0DFB5B-798D-4F1D-BD27-AE569535043B}"
EndProject
Project("{8BC9CEB8-8B4A-11D0-8D11-00A0C91BC942}") = "Ejercicio1_5", "Ejercicio5\Ejercicio5.vcxproj", "{A9199E93-563E-4373-8E09-80112870E035}"
EndProject
Project("{8BC9CEB8-8B4A-11D0-8D11-00A0C91BC942}") = "Ejercicio1_6", "Ejercicio6\Ejercicio6.vcxproj", "{E72B8D02-3A31-44CD-A6C6-295944DC56C5}"
EndProject
Project("{8BC9CEB8-8B4A-11D0-8D11-00A0C91BC942}") = "Ejercicio2_2", "Ejercicio2_2\Ejercicio2_2.vcxproj", "{0A7DCB98-88B4-4457-9FC9-511D478F7D4A}"
EndProject
Project("{8BC9CEB8-8B4A-11D0-8D11-00A0C91BC942}") = "Ejercicio2_Orden_SSEND", "Ejercicio2_Orden_SSEND\Ejercicio2_Orden_SSEND.vcxproj", "{004B4D72-DC12-4E40-B0A2-45DC8C4BB76F}"
EndProject
Project("{8BC9CEB8-8B4A-11D0-8D11-00A0C91BC942}") = "Ejercicio2_Orden_SEND", "Ejercicio2_Orden_SEND\Ejercicio2_Orden_SEND.vcxproj", "{657C44A4-0FF9-4237-BD67-DA0CCCAD43C6}"
EndProject
Project("{8BC9CEB8-8B4A-11D0-8D11-00A0C91BC942}") = "Ejercicio2_Orden_RSEND", "Ejercicio2_Orden_RSEND\Ejercicio2_Orden_RSEND.vcxproj", "{9EDF84E1-FE10-4763-8338-55D8D4B3E6E4}"
EndProject
Project("{8BC9CEB8-8B4A-11D0-8D11-00A0C91BC942}") = "Ejercicio2_Sin_Orden_SEND", "Ejercicio2_Sin_Orden_SEND\Ejercicio2_Sin_Orden_SEND.vcxproj", "{D7E6CB8B-82EF-41A2-A936-089D02CDDB37}"
EndProject
Project("{8BC9CEB8-8B4A-11D0-8D11-00A0C91BC942}") = "Ejercicio2_Sin_Orden_SSEND", "Ejercicio2_Sin_Orden_SSEND\Ejercicio2_Sin_Orden_SSEND.vcxproj", "{55418B74-3D95-48A8-9DEA-FE08163AB400}"
EndProject
Project("{8BC9CEB8-8B4A-11D0-8D11-00A0C91BC942}") = "Ejercicio2_Sin_Orden_RSEND", "Ejercicio2_Sin_Orden_RSEND\Ejercicio2_Sin_Orden_RSEND.vcxproj", "{5BB19716-8E06-4838-BCD2-3D2A063D95F2}"
EndProject
Project("{8BC9CEB8-8B4A-11D0-8D11-00A0C91BC942}") = "Ejercicio2_5_Wtime_SEND", "Ejercicio2_5_Wtime_SEND\Ejercicio2_5_Wtime_SEND.vcxproj", "{62BAC074-6B30-4083-BDD5-F83C3A9BD4FA}"
EndProject
Project("{8BC9CEB8-8B4A-11D0-8D11-00A0C91BC942}") = "Ejercicio2_5_Wtime_SSEND", "Ejercicio2_5_Wtime_SSEND\Ejercicio2_5_Wtime_SSEND.vcxproj", "{F9DB1F55-A952-4357-82AE-0073EC7B580E}"
EndProject
Project("{8BC9CEB8-8B4A-11D0-8D11-00A0C91BC942}") = "Ejercicio2_5_Wtime_RSEND", "Ejercicio2_5_Wtime_RSEND\Ejercicio2_5_Wtime_RSEND.vcxproj", "{95B5601F-C518-4E88-AA48-4355F7C51D2A}"
EndProject
Project("{8BC9CEB8-8B4A-11D0-8D11-00A0C91BC942}") = "Actividad8_Ping_Pong", "Actividad8_Ping_Pong\Actividad8_Ping_Pong.vcxproj", "{9DB59B30-16BD-4E08-9DF4-A5A7649B8BD4}"
EndProject
Project("{8BC9CEB8-8B4A-11D0-8D11-00A0C91BC942}") = "Ejercicio1_5_Inverso", "Ejercicio1_5_Inverso\Ejercicio1_5_Inverso.vcxproj", "{03D058D9-A79A-4F6C-BE9F-8B6054A6F142}"
EndProject
Project("{8BC9CEB8-8B4A-11D0-8D11-00A0C91BC942}") = "Ejercicio2_1", "Ejercicio2_1\Ejercicio2_1.vcxproj", "{09D04837-D28F-411A-9E03-A5FC83A08F0F}"
EndProject
Project("{8BC9CEB8-8B4A-11D0-8D11-00A0C91BC942}") = "Ejercicio2_3", "Ejercicio2_3\Ejercicio2_3.vcxproj", "{8A0F66E6-DB9D-44BF-95D7-D183B2762C72}"
EndProject
Project("{8BC9CEB8-8B4A-11D0-8D11-00A0C91BC942}") = "Ejercicio2_6", "Ejercicio2_6\Ejercicio2_6.vcxproj", "{41224C28-5342-4445-9563-DA2927439620}"
EndProject
Project("{8BC9CEB8-8B4A-11D0-8D11-00A0C91BC942}") = "ExamenU1_1", "ExamenU1_1\ExamenU1_1.vcxproj", "{C4E614CC-A2C9-41EA-977D-664B1C87AB62}"
EndProject
Project("{8BC9CEB8-8B4A-11D0-8D11-00A0C91BC942}") = "ExamenU1_2", "ExamenU1_2\ExamenU1_2.vcxproj", "{1FAED681-C296-4BCA-B7CE-77BDD967B6DF}"
EndProject
Project("{8BC9CEB8-8B4A-11D0-8D11-00A0C91BC942}") = "Example_Wtime", "Example_Wtime\Example_Wtime.vcxproj", "{8167A3FA-89D0-4250-B475-83E8B7482184}"
EndProject
Project("{8BC9CEB8-8B4A-11D0-8D11-00A0C91BC942}") = "BorradorClase", "BorradorClase\BorradorClase.vcxproj", "{8646C1C1-95F4-44F9-B39A-16B98BBD771C}"
EndProject
Project("{8BC9CEB8-8B4A-11D0-8D11-00A0C91BC942}") = "Proyecto_BordesImagen", "Proyecto_BordesImagen\Proyecto_BordesImagen.vcxproj", "{78512ABC-0D2C-49A5-89A9-EDF7480EA879}"
EndProject
Project("{8BC9CEB8-8B4A-11D0-8D11-00A0C91BC942}") = "C_Ordenamiento", "C_Ordenamiento\C_Ordenamiento.vcxproj", "{419F56C3-3EE0-4D53-8142-F889FA591CF2}"
EndProject
Global
	GlobalSection(SolutionConfigurationPlatforms) = preSolution
		Debug|x64 = Debug|x64
		Debug|x86 = Debug|x86
		Release|x64 = Release|x64
		Release|x86 = Release|x86
		Description = José Manuel Miranda Villagrán
	EndGlobalSection
	GlobalSection(ProjectConfigurationPlatforms) = postSolution
		{8108EBEF-CBA8-4DDB-9E3A-52875C278354}.Debug|x64.ActiveCfg = Debug|x64
		{8108EBEF-CBA8-4DDB-9E3A-52875C278354}.Debug|x64.Build.0 = Debug|x64
		{8108EBEF-CBA8-4DDB-9E3A-52875C278354}.Debug|x86.ActiveCfg = Debug|Win32
		{8108EBEF-CBA8-4DDB-9E3A-52875C278354}.Debug|x86.Build.0 = Debug|Win32
		{8108EBEF-CBA8-4DDB-9E3A-52875C278354}.Release|x64.ActiveCfg = Release|x64
		{8108EBEF-CBA8-4DDB-9E3A-52875C278354}.Release|x64.Build.0 = Release|x64
		{8108EBEF-CBA8-4DDB-9E3A-52875C278354}.Release|x86.ActiveCfg = Release|Win32
		{8108EBEF-CBA8-4DDB-9E3A-52875C278354}.Release|x86.Build.0 = Release|Win32
		{C91E14D3-1525-4C18-B659-12A7BEAECFB7}.Debug|x64.ActiveCfg = Debug|x64
		{C91E14D3-1525-4C18-B659-12A7BEAECFB7}.Debug|x64.Build.0 = Debug|x64
		{C91E14D3-1525-4C18-B659-12A7BEAECFB7}.Debug|x86.ActiveCfg = Debug|Win32
		{C91E14D3-1525-4C18-B659-12A7BEAECFB7}.Debug|x86.Build.0 = Debug|Win32
		{C91E14D3-1525-4C18-B659-12A7BEAECFB7}.Release|x64.ActiveCfg = Release|x64
		{C91E14D3-1525-4C18-B659-12A7BEAECFB7}.Release|x64.Build.0 = Release|x64
		{C91E14D3-1525-4C18-B659-12A7BEAECFB7}.Release|x86.ActiveCfg = Release|Win32
		{C91E14D3-1525-4C18-B659-12A7BEAECFB7}.Release|x86.Build.0 = Release|Win32
		{3CDDBB4D-0FFC-4D62-BBC4-7B8F59A54FA5}.Debug|x64.ActiveCfg = Debug|x64
		{3CDDBB4D-0FFC-4D62-BBC4-7B8F59A54FA5}.Debug|x64.Build.0 = Debug|x64
		{3CDDBB4D-0FFC-4D62-BBC4-7B8F59A54FA5}.Debug|x86.ActiveCfg = Debug|Win32
		{3CDDBB4D-0FFC-4D62-BBC4-7B8F59A54FA5}.Debug|x86.Build.0 = Debug|Win32
		{3CDDBB4D-0FFC-4D62-BBC4-7B8F59A54FA5}.Release|x64.ActiveCfg = Release|x64
		{3CDDBB4D-0FFC-4D62-BBC4-7B8F59A54FA5}.Release|x64.Build.0 = Release|x64
		{3CDDBB4D-0FFC-4D62-BBC4-7B8F59A54FA5}.Release|x86.ActiveCfg = Release|Win32
		{3CDDBB4D-0FFC-4D62-BBC4-7B8F59A54FA5}.Release|x86.Build.0 = Release|Win32
		{48F086BB-7504-47AE-993F-BB3BB2147026}.Debug|x64.ActiveCfg = Debug|x64
		{48F086BB-7504-47AE-993F-BB3BB2147026}.Debug|x64.Build.0 = Debug|x64
		{48F086BB-7504-47AE-993F-BB3BB2147026}.Debug|x86.ActiveCfg = Debug|Win32
		{48F086BB-7504-47AE-993F-BB3BB2147026}.Debug|x86.Build.0 = Debug|Win32
		{48F086BB-7504-47AE-993F-BB3BB2147026}.Release|x64.ActiveCfg = Release|x64
		{48F086BB-7504-47AE-993F-BB3BB2147026}.Release|x64.Build.0 = Release|x64
		{48F086BB-7504-47AE-993F-BB3BB2147026}.Release|x86.ActiveCfg = Release|Win32
		{48F086BB-7504-47AE-993F-BB3BB2147026}.Release|x86.Build.0 = Release|Win32
		{BCB0DD87-7723-4907-82FF-24317CDCF6D8}.Debug|x64.ActiveCfg = Debug|x64
		{BCB0DD87-7723-4907-82FF-24317CDCF6D8}.Debug|x64.Build.0 = Debug|x64
		{BCB0DD87-7723-4907-82FF-24317CDCF6D8}.Debug|x86.ActiveCfg = Debug|Win32
		{BCB0DD87-7723-4907-82FF-24317CDCF6D8}.Debug|x86.Build.0 = Debug|Win32
		{BCB0DD87-7723-4907-82FF-24317CDCF6D8}.Release|x64.ActiveCfg = Release|x64
		{BCB0DD87-7723-4907-82FF-24317CDCF6D8}.Release|x64.Build.0 = Release|x64
		{BCB0DD87-7723-4907-82FF-24317CDCF6D8}.Release|x86.ActiveCfg = Release|Win32
		{BCB0DD87-7723-4907-82FF-24317CDCF6D8}.Release|x86.Build.0 = Release|Win32
		{1E65CEDD-EB21-4B1F-82E7-0CDFCF5F1C5F}.Debug|x64.ActiveCfg = Debug|x64
		{1E65CEDD-EB21-4B1F-82E7-0CDFCF5F1C5F}.Debug|x64.Build.0 = Debug|x64
		{1E65CEDD-EB21-4B1F-82E7-0CDFCF5F1C5F}.Debug|x86.ActiveCfg = Debug|Win32
		{1E65CEDD-EB21-4B1F-82E7-0CDFCF5F1C5F}.Debug|x86.Build.0 = Debug|Win32
		{1E65CEDD-EB21-4B1F-82E7-0CDFCF5F1C5F}.Release|x64.ActiveCfg = Release|x64
		{1E65CEDD-EB21-4B1F-82E7-0CDFCF5F1C5F}.Release|x64.Build.0 = Release|x64
		{1E65CEDD-EB21-4B1F-82E7-0CDFCF5F1C5F}.Release|x86.ActiveCfg = Release|Win32
		{1E65CEDD-EB21-4B1F-82E7-0CDFCF5F1C5F}.Release|x86.Build.0 = Release|Win32
		{90DC1118-8AEE-4BF4-8007-8EAA94E95E51}.Debug|x64.ActiveCfg = Debug|x64
		{90DC1118-8AEE-4BF4-8007-8EAA94E95E51}.Debug|x64.Build.0 = Debug|x64
		{90DC1118-8AEE-4BF4-8007-8EAA94E95E51}.Debug|x86.ActiveCfg = Debug|Win32
		{90DC1118-8AEE-4BF4-8007-8EAA94E95E51}.Debug|x86.Build.0 = Debug|Win32
		{90DC1118-8AEE-4BF4-8007-8EAA94E95E51}.Release|x64.ActiveCfg = Release|x64
		{90DC1118-8AEE-4BF4-8007-8EAA94E95E51}.Release|x64.Build.0 = Release|x64
		{90DC1118-8AEE-4BF4-8007-8EAA94E95E51}.Release|x86.ActiveCfg = Release|Win32
		{90DC1118-8AEE-4BF4-8007-8EAA94E95E51}.Release|x86.Build.0 = Release|Win32
		{A78CAB5F-F841-439E-A3D1-F1FA0E1F5B42}.Debug|x64.ActiveCfg = Debug|x64
		{A78CAB5F-F841-439E-A3D1-F1FA0E1F5B42}.Debug|x64.Build.0 = Debug|x64
		{A78CAB5F-F841-439E-A3D1-F1FA0E1F5B42}.Debug|x86.ActiveCfg = Debug|Win32
		{A78CAB5F-F841-439E-A3D1-F1FA0E1F5B42}.Debug|x86.Build.0 = Debug|Win32
		{A78CAB5F-F841-439E-A3D1-F1FA0E1F5B42}.Release|x64.ActiveCfg = Release|x64
		{A78CAB5F-F841-439E-A3D1-F1FA0E1F5B42}.Release|x64.Build.0 = Release|x64
		{A78CAB5F-F841-439E-A3D1-F1FA0E1F5B42}.Release|x86.ActiveCfg = Release|Win32
		{A78CAB5F-F841-439E-A3D1-F1FA0E1F5B42}.Release|x86.Build.0 = Release|Win32
		{440FE015-489F-4106-A1C8-AA97FC2F0200}.Debug|x64.ActiveCfg = Debug|x64
		{440FE015-489F-4106-A1C8-AA97FC2F0200}.Debug|x64.Build.0 = Debug|x64
		{440FE015-489F-4106-A1C8-AA97FC2F0200}.Debug|x86.ActiveCfg = Debug|Win32
		{440FE015-489F-4106-A1C8-AA97FC2F0200}.Debug|x86.Build.0 = Debug|Win32
		{440FE015-489F-4106-A1C8-AA97FC2F0200}.Release|x64.ActiveCfg = Release|x64
		{440FE015-489F-4106-A1C8-AA97FC2F0200}.Release|x64.Build.0 = Release|x64
		{440FE015-489F-4106-A1C8-AA97FC2F0200}.Release|x86.ActiveCfg = Release|Win32
		{440FE015-489F-4106-A1C8-AA97FC2F0200}.Release|x86.Build.0 = Release|Win32
		{B90C0384-55D8-46FB-BF89-07C8A0B71928}.Debug|x64.ActiveCfg = Debug|x64
		{B90C0384-55D8-46FB-BF89-07C8A0B71928}.Debug|x64.Build.0 = Debug|x64
		{B90C0384-55D8-46FB-BF89-07C8A0B71928}.Debug|x86.ActiveCfg = Debug|Win32
		{B90C0384-55D8-46FB-BF89-07C8A0B71928}.Debug|x86.Build.0 = Debug|Win32
		{B90C0384-55D8-46FB-BF89-07C8A0B71928}.Release|x64.ActiveCfg = Release|x64
		{B90C0384-55D8-46FB-BF89-07C8A0B71928}.Release|x64.Build.0 = Release|x64
		{B90C0384-55D8-46FB-BF89-07C8A0B71928}.Release|x86.ActiveCfg = Release|Win32
		{B90C0384-55D8-46FB-BF89-07C8A0B71928}.Release|x86.Build.0 = Release|Win32
		{FFB5B8F9-E2D2-48B2-B8CB-F3622347D77C}.Debug|x64.ActiveCfg = Debug|x64
		{FFB5B8F9-E2D2-48B2-B8CB-F3622347D77C}.Debug|x64.Build.0 = Debug|x64
		{FFB5B8F9-E2D2-48B2-B8CB-F3622347D77C}.Debug|x86.ActiveCfg = Debug|Win32
		{FFB5B8F9-E2D2-48B2-B8CB-F3622347D77C}.Debug|x86.Build.0 = Debug|Win32
		{FFB5B8F9-E2D2-48B2-B8CB-F3622347D77C}.Release|x64.ActiveCfg = Release|x64
		{FFB5B8F9-E2D2-48B2-B8CB-F3622347D77C}.Release|x64.Build.0 = Release|x64
		{FFB5B8F9-E2D2-48B2-B8CB-F3622347D77C}.Release|x86.ActiveCfg = Release|Win32
		{FFB5B8F9-E2D2-48B2-B8CB-F3622347D77C}.Release|x86.Build.0 = Release|Win32
		{BF0DFB5B-798D-4F1D-BD27-AE569535043B}.Debug|x64.ActiveCfg = Debug|x64
		{BF0DFB5B-798D-4F1D-BD27-AE569535043B}.Debug|x64.Build.0 = Debug|x64
		{BF0DFB5B-798D-4F1D-BD27-AE569535043B}.Debug|x86.ActiveCfg = Debug|Win32
		{BF0DFB5B-798D-4F1D-BD27-AE569535043B}.Debug|x86.Build.0 = Debug|Win32
		{BF0DFB5B-798D-4F1D-BD27-AE569535043B}.Release|x64.ActiveCfg = Release|x64
		{BF0DFB5B-798D-4F1D-BD27-AE569535043B}.Release|x64.Build.0 = Release|x64
		{BF0DFB5B-798D-4F1D-BD27-AE569535043B}.Release|x86.ActiveCfg = Release|Win32
		{BF0DFB5B-798D-4F1D-BD27-AE569535043B}.Release|x86.Build.0 = Release|Win32
		{A9199E93-563E-4373-8E09-80112870E035}.Debug|x64.ActiveCfg = Debug|x64
		{A9199E93-563E-4373-8E09-80112870E035}.Debug|x64.Build.0 = Debug|x64
		{A9199E93-563E-4373-8E09-80112870E035}.Debug|x86.ActiveCfg = Debug|Win32
		{A9199E93-563E-4373-8E09-80112870E035}.Debug|x86.Build.0 = Debug|Win32
		{A9199E93-563E-4373-8E09-80112870E035}.Release|x64.ActiveCfg = Release|x64
		{A9199E93-563E-4373-8E09-80112870E035}.Release|x64.Build.0 = Release|x64
		{A9199E93-563E-4373-8E09-80112870E035}.Release|x86.ActiveCfg = Release|Win32
		{A9199E93-563E-4373-8E09-80112870E035}.Release|x86.Build.0 = Release|Win32
		{E72B8D02-3A31-44CD-A6C6-295944DC56C5}.Debug|x64.ActiveCfg = Debug|x64
		{E72B8D02-3A31-44CD-A6C6-295944DC56C5}.Debug|x64.Build.0 = Debug|x64
		{E72B8D02-3A31-44CD-A6C6-295944DC56C5}.Debug|x86.ActiveCfg = Debug|Win32
		{E72B8D02-3A31-44CD-A6C6-295944DC56C5}.Debug|x86.Build.0 = Debug|Win32
		{E72B8D02-3A31-44CD-A6C6-295944DC56C5}.Release|x64.ActiveCfg = Release|x64
		{E72B8D02-3A31-44CD-A6C6-295944DC56C5}.Release|x64.Build.0 = Release|x64
		{E72B8D02-3A31-44CD-A6C6-295944DC56C5}.Release|x86.ActiveCfg = Release|Win32
		{E72B8D02-3A31-44CD-A6C6-295944DC56C5}.Release|x86.Build.0 = Release|Win32
		{0A7DCB98-88B4-4457-9FC9-511D478F7D4A}.Debug|x64.ActiveCfg = Debug|x64
		{0A7DCB98-88B4-4457-9FC9-511D478F7D4A}.Debug|x64.Build.0 = Debug|x64
		{0A7DCB98-88B4-4457-9FC9-511D478F7D4A}.Debug|x86.ActiveCfg = Debug|Win32
		{0A7DCB98-88B4-4457-9FC9-511D478F7D4A}.Debug|x86.Build.0 = Debug|Win32
		{0A7DCB98-88B4-4457-9FC9-511D478F7D4A}.Release|x64.ActiveCfg = Release|x64
		{0A7DCB98-88B4-4457-9FC9-511D478F7D4A}.Release|x64.Build.0 = Release|x64
		{0A7DCB98-88B4-4457-9FC9-511D478F7D4A}.Release|x86.ActiveCfg = Release|Win32
		{0A7DCB98-88B4-4457-9FC9-511D478F7D4A}.Release|x86.Build.0 = Release|Win32
		{004B4D72-DC12-4E40-B0A2-45DC8C4BB76F}.Debug|x64.ActiveCfg = Debug|x64
		{004B4D72-DC12-4E40-B0A2-45DC8C4BB76F}.Debug|x64.Build.0 = Debug|x64
		{004B4D72-DC12-4E40-B0A2-45DC8C4BB76F}.Debug|x86.ActiveCfg = Debug|Win32
		{004B4D72-DC12-4E40-B0A2-45DC8C4BB76F}.Debug|x86.Build.0 = Debug|Win32
		{004B4D72-DC12-4E40-B0A2-45DC8C4BB76F}.Release|x64.ActiveCfg = Release|x64
		{004B4D72-DC12-4E40-B0A2-45DC8C4BB76F}.Release|x64.Build.0 = Release|x64
		{004B4D72-DC12-4E40-B0A2-45DC8C4BB76F}.Release|x86.ActiveCfg = Release|Win32
		{004B4D72-DC12-4E40-B0A2-45DC8C4BB76F}.Release|x86.Build.0 = Release|Win32
		{657C44A4-0FF9-4237-BD67-DA0CCCAD43C6}.Debug|x64.ActiveCfg = Debug|x64
		{657C44A4-0FF9-4237-BD67-DA0CCCAD43C6}.Debug|x64.Build.0 = Debug|x64
		{657C44A4-0FF9-4237-BD67-DA0CCCAD43C6}.Debug|x86.ActiveCfg = Debug|Win32
		{657C44A4-0FF9-4237-BD67-DA0CCCAD43C6}.Debug|x86.Build.0 = Debug|Win32
		{657C44A4-0FF9-4237-BD67-DA0CCCAD43C6}.Release|x64.ActiveCfg = Release|x64
		{657C44A4-0FF9-4237-BD67-DA0CCCAD43C6}.Release|x64.Build.0 = Release|x64
		{657C44A4-0FF9-4237-BD67-DA0CCCAD43C6}.Release|x86.ActiveCfg = Release|Win32
		{657C44A4-0FF9-4237-BD67-DA0CCCAD43C6}.Release|x86.Build.0 = Release|Win32
		{9EDF84E1-FE10-4763-8338-55D8D4B3E6E4}.Debug|x64.ActiveCfg = Debug|x64
		{9EDF84E1-FE10-4763-8338-55D8D4B3E6E4}.Debug|x64.Build.0 = Debug|x64
		{9EDF84E1-FE10-4763-8338-55D8D4B3E6E4}.Debug|x86.ActiveCfg = Debug|Win32
		{9EDF84E1-FE10-4763-8338-55D8D4B3E6E4}.Debug|x86.Build.0 = Debug|Win32
		{9EDF84E1-FE10-4763-8338-55D8D4B3E6E4}.Release|x64.ActiveCfg = Release|x64
		{9EDF84E1-FE10-4763-8338-55D8D4B3E6E4}.Release|x64.Build.0 = Release|x64
		{9EDF84E1-FE10-4763-8338-55D8D4B3E6E4}.Release|x86.ActiveCfg = Release|Win32
		{9EDF84E1-FE10-4763-8338-55D8D4B3E6E4}.Release|x86.Build.0 = Release|Win32
		{D7E6CB8B-82EF-41A2-A936-089D02CDDB37}.Debug|x64.ActiveCfg = Debug|x64
		{D7E6CB8B-82EF-41A2-A936-089D02CDDB37}.Debug|x64.Build.0 = Debug|x64
		{D7E6CB8B-82EF-41A2-A936-089D02CDDB37}.Debug|x86.ActiveCfg = Debug|Win32
		{D7E6CB8B-82EF-41A2-A936-089D02CDDB37}.Debug|x86.Build.0 = Debug|Win32
		{D7E6CB8B-82EF-41A2-A936-089D02CDDB37}.Release|x64.ActiveCfg = Release|x64
		{D7E6CB8B-82EF-41A2-A936-089D02CDDB37}.Release|x64.Build.0 = Release|x64
		{D7E6CB8B-82EF-41A2-A936-089D02CDDB37}.Release|x86.ActiveCfg = Release|Win32
		{D7E6CB8B-82EF-41A2-A936-089D02CDDB37}.Release|x86.Build.0 = Release|Win32
		{55418B74-3D95-48A8-9DEA-FE08163AB400}.Debug|x64.ActiveCfg = Debug|x64
		{55418B74-3D95-48A8-9DEA-FE08163AB400}.Debug|x64.Build.0 = Debug|x64
		{55418B74-3D95-48A8-9DEA-FE08163AB400}.Debug|x86.ActiveCfg = Debug|Win32
		{55418B74-3D95-48A8-9DEA-FE08163AB400}.Debug|x86.Build.0 = Debug|Win32
		{55418B74-3D95-48A8-9DEA-FE08163AB400}.Release|x64.ActiveCfg = Release|x64
		{55418B74-3D95-48A8-9DEA-FE08163AB400}.Release|x64.Build.0 = Release|x64
		{55418B74-3D95-48A8-9DEA-FE08163AB400}.Release|x86.ActiveCfg = Release|Win32
		{55418B74-3D95-48A8-9DEA-FE08163AB400}.Release|x86.Build.0 = Release|Win32
		{5BB19716-8E06-4838-BCD2-3D2A063D95F2}.Debug|x64.ActiveCfg = Debug|x64
		{5BB19716-8E06-4838-BCD2-3D2A063D95F2}.Debug|x64.Build.0 = Debug|x64
		{5BB19716-8E06-4838-BCD2-3D2A063D95F2}.Debug|x86.ActiveCfg = Debug|Win32
		{5BB19716-8E06-4838-BCD2-3D2A063D95F2}.Debug|x86.Build.0 = Debug|Win32
		{5BB19716-8E06-4838-BCD2-3D2A063D95F2}.Release|x64.ActiveCfg = Release|x64
		{5BB19716-8E06-4838-BCD2-3D2A063D95F2}.Release|x64.Build.0 = Release|x64
		{5BB19716-8E06-4838-BCD2-3D2A063D95F2}.Release|x86.ActiveCfg = Release|Win32
		{5BB19716-8E06-4838-BCD2-3D2A063D95F2}.Release|x86.Build.0 = Release|Win32
		{62BAC074-6B30-4083-BDD5-F83C3A9BD4FA}.Debug|x64.ActiveCfg = Debug|x64
		{62BAC074-6B30-4083-BDD5-F83C3A9BD4FA}.Debug|x64.Build.0 = Debug|x64
		{62BAC074-6B30-4083-BDD5-F83C3A9BD4FA}.Debug|x86.ActiveCfg = Debug|Win32
		{62BAC074-6B30-4083-BDD5-F83C3A9BD4FA}.Debug|x86.Build.0 = Debug|Win32
		{62BAC074-6B30-4083-BDD5-F83C3A9BD4FA}.Release|x64.ActiveCfg = Release|x64
		{62BAC074-6B30-4083-BDD5-F83C3A9BD4FA}.Release|x64.Build.0 = Release|x64
		{62BAC074-6B30-4083-BDD5-F83C3A9BD4FA}.Release|x86.ActiveCfg = Release|Win32
		{62BAC074-6B30-4083-BDD5-F83C3A9BD4FA}.Release|x86.Build.0 = Release|Win32
		{F9DB1F55-A952-4357-82AE-0073EC7B580E}.Debug|x64.ActiveCfg = Debug|x64
		{F9DB1F55-A952-4357-82AE-0073EC7B580E}.Debug|x64.Build.0 = Debug|x64
		{F9DB1F55-A952-4357-82AE-0073EC7B580E}.Debug|x86.ActiveCfg = Debug|Win32
		{F9DB1F55-A952-4357-82AE-0073EC7B580E}.Debug|x86.Build.0 = Debug|Win32
		{F9DB1F55-A952-4357-82AE-0073EC7B580E}.Release|x64.ActiveCfg = Release|x64
		{F9DB1F55-A952-4357-82AE-0073EC7B580E}.Release|x64.Build.0 = Release|x64
		{F9DB1F55-A952-4357-82AE-0073EC7B580E}.Release|x86.ActiveCfg = Release|Win32
		{F9DB1F55-A952-4357-82AE-0073EC7B580E}.Release|x86.Build.0 = Release|Win32
		{95B5601F-C518-4E88-AA48-4355F7C51D2A}.Debug|x64.ActiveCfg = Debug|x64
		{95B5601F-C518-4E88-AA48-4355F7C51D2A}.Debug|x64.Build.0 = Debug|x64
		{95B5601F-C518-4E88-AA48-4355F7C51D2A}.Debug|x86.ActiveCfg = Debug|Win32
		{95B5601F-C518-4E88-AA48-4355F7C51D2A}.Debug|x86.Build.0 = Debug|Win32
		{95B5601F-C518-4E88-AA48-4355F7C51D2A}.Release|x64.ActiveCfg = Release|x64
		{95B5601F-C518-4E88-AA48-4355F7C51D2A}.Release|x64.Build.0 = Release|x64
		{95B5601F-C518-4E88-AA48-4355F7C51D2A}.Release|x86.ActiveCfg = Release|Win32
		{95B5601F-C518-4E88-AA48-4355F7C51D2A}.Release|x86.Build.0 = Release|Win32
		{9DB59B30-16BD-4E08-9DF4-A5A7649B8BD4}.Debug|x64.ActiveCfg = Debug|x64
		{9DB59B30-16BD-4E08-9DF4-A5A7649B8BD4}.Debug|x64.Build.0 = Debug|x64
		{9DB59B30-16BD-4E08-9DF4-A5A7649B8BD4}.Debug|x86.ActiveCfg = Debug|Win32
		{9DB59B30-16BD-4E08-9DF4-A5A7649B8BD4}.Debug|x86.Build.0 = Debug|Win32
		{9DB59B30-16BD-4E08-9DF4-A5A7649B8BD4}.Release|x64.ActiveCfg = Release|x64
		{9DB59B30-16BD-4E08-9DF4-A5A7649B8BD4}.Release|x64.Build.0 = Release|x64
		{9DB59B30-16BD-4E08-9DF4-A5A7649B8BD4}.Release|x86.ActiveCfg = Release|Win32
		{9DB59B30-16BD-4E08-9DF4-A5A7649B8BD4}.Release|x86.Build.0 = Release|Win32
		{03D058D9-A79A-4F6C-BE9F-8B6054A6F142}.Debug|x64.ActiveCfg = Debug|x64
		{03D058D9-A79A-4F6C-BE9F-8B6054A6F142}.Debug|x64.Build.0 = Debug|x64
		{03D058D9-A79A-4F6C-BE9F-8B6054A6F142}.Debug|x86.ActiveCfg = Debug|Win32
		{03D058D9-A79A-4F6C-BE9F-8B6054A6F142}.Debug|x86.Build.0 = Debug|Win32
		{03D058D9-A79A-4F6C-BE9F-8B6054A6F142}.Release|x64.ActiveCfg = Release|x64
		{03D058D9-A79A-4F6C-BE9F-8B6054A6F142}.Release|x64.Build.0 = Release|x64
		{03D058D9-A79A-4F6C-BE9F-8B6054A6F142}.Release|x86.ActiveCfg = Release|Win32
		{03D058D9-A79A-4F6C-BE9F-8B6054A6F142}.Release|x86.Build.0 = Release|Win32
		{09D04837-D28F-411A-9E03-A5FC83A08F0F}.Debug|x64.ActiveCfg = Debug|x64
		{09D04837-D28F-411A-9E03-A5FC83A08F0F}.Debug|x64.Build.0 = Debug|x64
		{09D04837-D28F-411A-9E03-A5FC83A08F0F}.Debug|x86.ActiveCfg = Debug|Win32
		{09D04837-D28F-411A-9E03-A5FC83A08F0F}.Debug|x86.Build.0 = Debug|Win32
		{09D04837-D28F-411A-9E03-A5FC83A08F0F}.Release|x64.ActiveCfg = Release|x64
		{09D04837-D28F-411A-9E03-A5FC83A08F0F}.Release|x64.Build.0 = Release|x64
		{09D04837-D28F-411A-9E03-A5FC83A08F0F}.Release|x86.ActiveCfg = Release|Win32
		{09D04837-D28F-411A-9E03-A5FC83A08F0F}.Release|x86.Build.0 = Release|Win32
		{8A0F66E6-DB9D-44BF-95D7-D183B2762C72}.Debug|x64.ActiveCfg = Debug|x64
		{8A0F66E6-DB9D-44BF-95D7-D183B2762C72}.Debug|x64.Build.0 = Debug|x64
		{8A0F66E6-DB9D-44BF-95D7-D183B2762C72}.Debug|x86.ActiveCfg = Debug|Win32
		{8A0F66E6-DB9D-44BF-95D7-D183B2762C72}.Debug|x86.Build.0 = Debug|Win32
		{8A0F66E6-DB9D-44BF-95D7-D183B2762C72}.Release|x64.ActiveCfg = Release|x64
		{8A0F66E6-DB9D-44BF-95D7-D183B2762C72}.Release|x64.Build.0 = Release|x64
		{8A0F66E6-DB9D-44BF-95D7-D183B2762C72}.Release|x86.ActiveCfg = Release|Win32
		{8A0F66E6-DB9D-44BF-95D7-D183B2762C72}.Release|x86.Build.0 = Release|Win32
		{41224C28-5342-4445-9563-DA2927439620}.Debug|x64.ActiveCfg = Debug|x64
		{41224C28-5342-4445-9563-DA2927439620}.Debug|x64.Build.0 = Debug|x64
		{41224C28-5342-4445-9563-DA2927439620}.Debug|x86.ActiveCfg = Debug|Win32
		{41224C28-5342-4445-9563-DA2927439620}.Debug|x86.Build.0 = Debug|Win32
		{41224C28-5342-4445-9563-DA2927439620}.Release|x64.ActiveCfg = Release|x64
		{41224C28-5342-4445-9563-DA2927439620}.Release|x64.Build.0 = Release|x64
		{41224C28-5342-4445-9563-DA2927439620}.Release|x86.ActiveCfg = Release|Win32
		{41224C28-5342-4445-9563-DA2927439620}.Release|x86.Build.0 = Release|Win32
		{C4E614CC-A2C9-41EA-977D-664B1C87AB62}.Debug|x64.ActiveCfg = Debug|x64
		{C4E614CC-A2C9-41EA-977D-664B1C87AB62}.Debug|x64.Build.0 = Debug|x64
		{C4E614CC-A2C9-41EA-977D-664B1C87AB62}.Debug|x86.ActiveCfg = Debug|Win32
		{C4E614CC-A2C9-41EA-977D-664B1C87AB62}.Debug|x86.Build.0 = Debug|Win32
		{C4E614CC-A2C9-41EA-977D-664B1C87AB62}.Release|x64.ActiveCfg = Release|x64
		{C4E614CC-A2C9-41EA-977D-664B1C87AB62}.Release|x64.Build.0 = Release|x64
		{C4E614CC-A2C9-41EA-977D-664B1C87AB62}.Release|x86.ActiveCfg = Release|Win32
		{C4E614CC-A2C9-41EA-977D-664B1C87AB62}.Release|x86.Build.0 = Release|Win32
		{1FAED681-C296-4BCA-B7CE-77BDD967B6DF}.Debug|x64.ActiveCfg = Debug|x64
		{1FAED681-C296-4BCA-B7CE-77BDD967B6DF}.Debug|x64.Build.0 = Debug|x64
		{1FAED681-C296-4BCA-B7CE-77BDD967B6DF}.Debug|x86.ActiveCfg = Debug|Win32
		{1FAED681-C296-4BCA-B7CE-77BDD967B6DF}.Debug|x86.Build.0 = Debug|Win32
		{1FAED681-C296-4BCA-B7CE-77BDD967B6DF}.Release|x64.ActiveCfg = Release|x64
		{1FAED681-C296-4BCA-B7CE-77BDD967B6DF}.Release|x64.Build.0 = Release|x64
		{1FAED681-C296-4BCA-B7CE-77BDD967B6DF}.Release|x86.ActiveCfg = Release|Win32
		{1FAED681-C296-4BCA-B7CE-77BDD967B6DF}.Release|x86.Build.0 = Release|Win32
		{8167A3FA-89D0-4250-B475-83E8B7482184}.Debug|x64.ActiveCfg = Debug|x64
		{8167A3FA-89D0-4250-B475-83E8B7482184}.Debug|x64.Build.0 = Debug|x64
		{8167A3FA-89D0-4250-B475-83E8B7482184}.Debug|x86.ActiveCfg = Debug|Win32
		{8167A3FA-89D0-4250-B475-83E8B7482184}.Debug|x86.Build.0 = Debug|Win32
		{8167A3FA-89D0-4250-B475-83E8B7482184}.Release|x64.ActiveCfg = Release|x64
		{8167A3FA-89D0-4250-B475-83E8B7482184}.Release|x64.Build.0 = Release|x64
		{8167A3FA-89D0-4250-B475-83E8B7482184}.Release|x86.ActiveCfg = Release|Win32
		{8167A3FA-89D0-4250-B475-83E8B7482184}.Release|x86.Build.0 = Release|Win32
		{8646C1C1-95F4-44F9-B39A-16B98BBD771C}.Debug|x64.ActiveCfg = Debug|x64
		{8646C1C1-95F4-44F9-B39A-16B98BBD771C}.Debug|x64.Build.0 = Debug|x64
		{8646C1C1-95F4-44F9-B39A-16B98BBD771C}.Debug|x86.ActiveCfg = Debug|Win32
		{8646C1C1-95F4-44F9-B39A-16B98BBD771C}.Debug|x86.Build.0 = Debug|Win32
		{8646C1C1-95F4-44F9-B39A-16B98BBD771C}.Release|x64.ActiveCfg = Release|x64
		{8646C1C1-95F4-44F9-B39A-16B98BBD771C}.Release|x64.Build.0 = Release|x64
		{8646C1C1-95F4-44F9-B39A-16B98BBD771C}.Release|x86.ActiveCfg = Release|Win32
		{8646C1C1-95F4-44F9-B39A-16B98BBD771C}.Release|x86.Build.0 = Release|Win32
		{78512ABC-0D2C-49A5-89A9-EDF7480EA879}.Debug|x64.ActiveCfg = Debug|x64
		{78512ABC-0D2C-49A5-89A9-EDF7480EA879}.Debug|x64.Build.0 = Debug|x64
		{78512ABC-0D2C-49A5-89A9-EDF7480EA879}.Debug|x86.ActiveCfg = Debug|Win32
		{78512ABC-0D2C-49A5-89A9-EDF7480EA879}.Debug|x86.Build.0 = Debug|Win32
		{78512ABC-0D2C-49A5-89A9-EDF7480EA879}.Release|x64.ActiveCfg = Release|x64
		{78512ABC-0D2C-49A5-89A9-EDF7480EA879}.Release|x64.Build.0 = Release|x64
		{78512ABC-0D2C-49A5-89A9-EDF7480EA879}.Release|x86.ActiveCfg = Release|Win32
		{78512ABC-0D2C-49A5-89A9-EDF7480EA879}.Release|x86.Build.0 = Release|Win32
		{419F56C3-3EE0-4D53-8142-F889FA591CF2}.Debug|x64.ActiveCfg = Debug|x64
		{419F56C3-3EE0-4D53-8142-F889FA591CF2}.Debug|x64.Build.0 = Debug|x64
		{419F56C3-3EE0-4D53-8142-F889FA591CF2}.Debug|x86.ActiveCfg = Debug|Win32
		{419F56C3-3EE0-4D53-8142-F889FA591CF2}.Debug|x86.Build.0 = Debug|Win32
		{419F56C3-3EE0-4D53-8142-F889FA591CF2}.Release|x64.ActiveCfg = Release|x64
		{419F56C3-3EE0-4D53-8142-F889FA591CF2}.Release|x64.Build.0 = Release|x64
		{419F56C3-3EE0-4D53-8142-F889FA591CF2}.Release|x86.ActiveCfg = Release|Win32
		{419F56C3-3EE0-4D53-8142-F889FA591CF2}.Release|x86.Build.0 = Release|Win32
	EndGlobalSection
	GlobalSection(SolutionProperties) = preSolution
		HideSolutionNode = FALSE
	EndGlobalSection
	GlobalSection(ExtensibilityGlobals) = postSolution
		SolutionGuid = {62795FC7-B0C8-4F65-8E5E-11E2E2F7D11F}
	EndGlobalSection
EndGlobal
